<Solution>
  <Project Path="../../../../../../../../Uni3/EurekaBank/EurekaBank.Core/EurekaBank.Core.csproj" />
  <Project Path="../../../../../../../../Uni3/EurekaBank/EurekaBank/EurekaBank.Shared/EurekaBank.Shared.csproj" />
  <Project Path="../../../../../../../../Uni3/EurekaBank/EurekaBank/EurekaBank.Web/EurekaBank.Web.csproj" />
  <Project Path="../../../../../../../../Uni3/EurekaBank/EurekaBank/EurekaBank/EurekaBank.csproj">
    <Deploy />
  </Project>
</Solution>
